// !$*UTF8*$!
{
	archiveVersion = 1;
	classes = {
	};
	objectVersion = 55;
	objects = {

/* Begin PBXBuildFile section */
		AC599B2628AF614B00EE605E /* AppDelegate.swift in Sources */ = {isa = PBXBuildFile; fileRef = AC599B2528AF614B00EE605E /* AppDelegate.swift */; };
		AC599B2828AF614B00EE605E /* SceneDelegate.swift in Sources */ = {isa = PBXBuildFile; fileRef = AC599B2728AF614B00EE605E /* SceneDelegate.swift */; };
		AC599B2A28AF614B00EE605E /* ViewController.swift in Sources */ = {isa = PBXBuildFile; fileRef = AC599B2928AF614B00EE605E /* ViewController.swift */; };
		AC599B2F28AF615800EE605E /* Assets.xcassets in Resources */ = {isa = PBXBuildFile; fileRef = AC599B2E28AF615800EE605E /* Assets.xcassets */; };
		AC599B3228AF615800EE605E /* LaunchScreen.storyboard in Resources */ = {isa = PBXBuildFile; fileRef = AC599B3028AF615800EE605E /* LaunchScreen.storyboard */; };
		AC599B3A28AF628700EE605E /* MotionCubeAssembly.swift in Sources */ = {isa = PBXBuildFile; fileRef = AC599B3928AF628600EE605E /* MotionCubeAssembly.swift */; };
		AC599B3C28AFECDF00EE605E /* Extention+UIColor.swift in Sources */ = {isa = PBXBuildFile; fileRef = AC599B3B28AFECDF00EE605E /* Extention+UIColor.swift */; };
		AC599B3E28AFF55B00EE605E /* ShaveView.swift in Sources */ = {isa = PBXBuildFile; fileRef = AC599B3D28AFF55B00EE605E /* ShaveView.swift */; };
/* End PBXBuildFile section */

/* Begin PBXFileReference section */
		AC599B2228AF614B00EE605E /* MotionCude.app */ = {isa = PBXFileReference; explicitFileType = wrapper.application; includeInIndex = 0; path = MotionCude.app; sourceTree = BUILT_PRODUCTS_DIR; };
		AC599B2528AF614B00EE605E /* AppDelegate.swift */ = {isa = PBXFileReference; lastKnownFileType = sourcecode.swift; path = AppDelegate.swift; sourceTree = "<group>"; };
		AC599B2728AF614B00EE605E /* SceneDelegate.swift */ = {isa = PBXFileReference; lastKnownFileType = sourcecode.swift; path = SceneDelegate.swift; sourceTree = "<group>"; };
		AC599B2928AF614B00EE605E /* ViewController.swift */ = {isa = PBXFileReference; lastKnownFileType = sourcecode.swift; path = ViewController.swift; sourceTree = "<group>"; };
		AC599B2E28AF615800EE605E /* Assets.xcassets */ = {isa = PBXFileReference; lastKnownFileType = folder.assetcatalog; path = Assets.xcassets; sourceTree = "<group>"; };
		AC599B3128AF615800EE605E /* Base */ = {isa = PBXFileReference; lastKnownFileType = file.storyboard; name = Base; path = Base.lproj/LaunchScreen.storyboard; sourceTree = "<group>"; };
		AC599B3328AF615800EE605E /* Info.plist */ = {isa = PBXFileReference; lastKnownFileType = text.plist.xml; path = Info.plist; sourceTree = "<group>"; };
		AC599B3928AF628600EE605E /* MotionCubeAssembly.swift */ = {isa = PBXFileReference; lastKnownFileType = sourcecode.swift; path = MotionCubeAssembly.swift; sourceTree = "<group>"; };
		AC599B3B28AFECDF00EE605E /* Extention+UIColor.swift */ = {isa = PBXFileReference; lastKnownFileType = sourcecode.swift; path = "Extention+UIColor.swift"; sourceTree = "<group>"; };
		AC599B3D28AFF55B00EE605E /* ShaveView.swift */ = {isa = PBXFileReference; lastKnownFileType = sourcecode.swift; path = ShaveView.swift; sourceTree = "<group>"; };
/* End PBXFileReference section */

/* Begin PBXFrameworksBuildPhase section */
		AC599B1F28AF614B00EE605E /* Frameworks */ = {
			isa = PBXFrameworksBuildPhase;
			buildActionMask = 2147483647;
			files = (
			);
			runOnlyForDeploymentPostprocessing = 0;
		};
/* End PBXFrameworksBuildPhase section */

/* Begin PBXGroup section */
		AC599B1928AF614B00EE605E = {
			isa = PBXGroup;
			children = (
				AC599B2428AF614B00EE605E /* MotionCude */,
				AC599B2328AF614B00EE605E /* Products */,
			);
			sourceTree = "<group>";
		};
		AC599B2328AF614B00EE605E /* Products */ = {
			isa = PBXGroup;
			children = (
				AC599B2228AF614B00EE605E /* MotionCude.app */,
			);
			name = Products;
			sourceTree = "<group>";
		};
		AC599B2428AF614B00EE605E /* MotionCude */ = {
			isa = PBXGroup;
			children = (
				AC599B3928AF628600EE605E /* MotionCubeAssembly.swift */,
				AC599B2528AF614B00EE605E /* AppDelegate.swift */,
				AC599B2728AF614B00EE605E /* SceneDelegate.swift */,
				AC599B2928AF614B00EE605E /* ViewController.swift */,
				AC599B2E28AF615800EE605E /* Assets.xcassets */,
				AC599B3028AF615800EE605E /* LaunchScreen.storyboard */,
				AC599B3328AF615800EE605E /* Info.plist */,
				AC599B3B28AFECDF00EE605E /* Extention+UIColor.swift */,
				AC599B3D28AFF55B00EE605E /* ShaveView.swift */,
			);
			path = MotionCude;
			sourceTree = "<group>";
		};
/* End PBXGroup section */

/* Begin PBXNativeTarget section */
		AC599B2128AF614B00EE605E /* MotionCude */ = {
			isa = PBXNativeTarget;
			buildConfigurationList = AC599B3628AF615800EE605E /* Build configuration list for PBXNativeTarget "MotionCude" */;
			buildPhases = (
				AC599B1E28AF614B00EE605E /* Sources */,
				AC599B1F28AF614B00EE605E /* Frameworks */,
				AC599B2028AF614B00EE605E /* Resources */,
			);
			buildRules = (
			);
			dependencies = (
			);
			name = MotionCude;
			productName = MotionCude;
			productReference = AC599B2228AF614B00EE605E /* MotionCude.app */;
			productType = "com.apple.product-type.application";
		};
/* End PBXNativeTarget section */

/* Begin PBXProject section */
		AC599B1A28AF614B00EE605E /* Project object */ = {
			isa = PBXProject;
			attributes = {
				BuildIndependentTargetsInParallel = 1;
				LastSwiftUpdateCheck = 1340;
				LastUpgradeCheck = 1340;
				TargetAttributes = {
					AC599B2128AF614B00EE605E = {
						CreatedOnToolsVersion = 13.4.1;
					};
				};
			};
			buildConfigurationList = AC599B1D28AF614B00EE605E /* Build configuration list for PBXProject "MotionCude" */;
			compatibilityVersion = "Xcode 13.0";
			developmentRegion = en;
			hasScannedForEncodings = 0;
			knownRegions = (
				en,
				Base,
			);
			mainGroup = AC599B1928AF614B00EE605E;
			productRefGroup = AC599B2328AF614B00EE605E /* Products */;
			projectDirPath = "";
			projectRoot = "";
			targets = (
				AC599B2128AF614B00EE605E /* MotionCude */,
			);
		};
/* End PBXProject section */

/* Begin PBXResourcesBuildPhase section */
		AC599B2028AF614B00EE605E /* Resources */ = {
			isa = PBXResourcesBuildPhase;
			buildActionMask = 2147483647;
			files = (
				AC599B3228AF615800EE605E /* LaunchScreen.storyboard in Resources */,
				AC599B2F28AF615800EE605E /* Assets.xcassets in Resources */,
			);
			runOnlyForDeploymentPostprocessing = 0;
		};
/* End PBXResourcesBuildPhase section */

/* Begin PBXSourcesBuildPhase section */
		AC599B1E28AF614B00EE605E /* Sources */ = {
			isa = PBXSourcesBuildPhase;
			buildActionMask = 2147483647;
			files = (
				AC599B3A28AF628700EE605E /* MotionCubeAssembly.swift in Sources */,
				AC599B3C28AFECDF00EE605E /* Extention+UIColor.swift in Sources */,
				AC599B2A28AF614B00EE605E /* ViewController.swift in Sources */,
				AC599B2628AF614B00EE605E /* AppDelegate.swift in Sources */,
				AC599B3E28AFF55B00EE605E /* ShaveView.swift in Sources */,
				AC599B2828AF614B00EE605E /* SceneDelegate.swift in Sources */,
			);
			runOnlyForDeploymentPostprocessing = 0;
		};
/* End PBXSourcesBuildPhase section */

/* Begin PBXVariantGroup section */
		AC599B3028AF615800EE605E /* LaunchScreen.storyboard */ = {
			isa = PBXVariantGroup;
			children = (
				AC599B3128AF615800EE605E /* Base */,
			);
			name = LaunchScreen.storyboard;
			sourceTree = "<group>";
		};
/* End PBXVariantGroup section */

/* Begin XCBuildConfiguration section */
		AC599B3428AF615800EE605E /* Debug */ = {
			isa = XCBuildConfiguration;
			buildSettings = {
				ALWAYS_SEARCH_USER_PATHS = NO;
				CLANG_ANALYZER_NONNULL = YES;
				CLANG_ANALYZER_NUMBER_OBJECT_CONVERSION = YES_AGGRESSIVE;
				CLANG_CXX_LANGUAGE_STANDARD = "gnu++17";
				CLANG_ENABLE_MODULES = YES;
				CLANG_ENABLE_OBJC_ARC = YES;
				CLANG_ENABLE_OBJC_WEAK = YES;
				CLANG_WARN_BLOCK_CAPTURE_AUTORELEASING = YES;
				CLANG_WARN_BOOL_CONVERSION = YES;
				CLANG_WARN_COMMA = YES;
				CLANG_WARN_CONSTANT_CONVERSION = YES;
				CLANG_WARN_DEPRECATED_OBJC_IMPLEMENTATIONS = YES;
				CLANG_WARN_DIRECT_OBJC_ISA_USAGE = YES_ERROR;
				CLANG_WARN_DOCUMENTATION_COMMENTS = YES;
				CLANG_WARN_EMPTY_BODY = YES;
				CLANG_WARN_ENUM_CONVERSION = YES;
				CLANG_WARN_INFINITE_RECURSION = YES;
				CLANG_WARN_INT_CONVERSION = YES;
				CLANG_WARN_NON_LITERAL_NULL_CONVERSION = YES;
				CLANG_WARN_OBJC_IMPLICIT_RETAIN_SELF = YES;
				CLANG_WARN_OBJC_LITERAL_CONVERSION = YES;
				CLANG_WARN_OBJC_ROOT_CLASS = YES_ERROR;
				CLANG_WARN_QUOTED_INCLUDE_IN_FRAMEWORK_HEADER = YES;
				CLANG_WARN_RANGE_LOOP_ANALYSIS = YES;
				CLANG_WARN_STRICT_PROTOTYPES = YES;
				CLANG_WARN_SUSPICIOUS_MOVE = YES;
				CLANG_WARN_UNGUARDED_AVAILABILITY = YES_AGGRESSIVE;
				CLANG_WARN_UNREACHABLE_CODE = YES;
				CLANG_WARN__DUPLICATE_METHOD_MATCH = YES;
				COPY_PHASE_STRIP = NO;
				DEBUG_INFORMATION_FORMAT = dwarf;
				ENABLE_STRICT_OBJC_MSGSEND = YES;
				ENABLE_TESTABILITY = YES;
				GCC_C_LANGUAGE_STANDARD = gnu11;
				GCC_DYNAMIC_NO_PIC = NO;
				GCC_NO_COMMON_BLOCKS = YES;
				GCC_OPTIMIZATION_LEVEL = 0;
				GCC_PREPROCESSOR_DEFINITIONS = (
					"DEBUG=1",
					"$(inherited)",
				);
				GCC_WARN_64_TO_32_BIT_CONVERSION = YES;
				GCC_WARN_ABOUT_RETURN_TYPE = YES_ERROR;
				GCC_WARN_UNDECLARED_SELECTOR = YES;
				GCC_WARN_UNINITIALIZED_AUTOS = YES_AGGRESSIVE;
				GCC_WARN_UNUSED_FUNCTION = YES;
				GCC_WARN_UNUSED_VARIABLE = YES;
				IPHONEOS_DEPLOYMENT_TARGET = 15.5;
				MTL_ENABLE_DEBUG_INFO = INCLUDE_SOURCE;
				MTL_FAST_MATH = YES;
				ONLY_ACTIVE_ARCH = YES;
				SDKROOT = iphoneos;
				SWIFT_ACTIVE_COMPILATION_CONDITIONS = DEBUG;
				SWIFT_OPTIMIZATION_LEVEL = "-Onone";
			};
			name = Debug;
		};
		AC599B3528AF615800EE605E /* Release */ = {
			isa = XCBuildConfiguration;
			buildSettings = {
				ALWAYS_SEARCH_USER_PATHS = NO;
				CLANG_ANALYZER_NONNULL = YES;
				CLANG_ANALYZER_NUMBER_OBJECT_CONVERSION = YES_AGGRESSIVE;
				CLANG_CXX_LANGUAGE_STANDARD = "gnu++17";
				CLANG_ENABLE_MODULES = YES;
				CLANG_ENABLE_OBJC_ARC = YES;
				CLANG_ENABLE_OBJC_WEAK = YES;
				CLANG_WARN_BLOCK_CAPTURE_AUTORELEASING = YES;
				CLANG_WARN_BOOL_CONVERSION = YES;
				CLANG_WARN_COMMA = YES;
				CLANG_WARN_CONSTANT_CONVERSION = YES;
				CLANG_WARN_DEPRECATED_OBJC_IMPLEMENTATIONS = YES;
				CLANG_WARN_DIRECT_OBJC_ISA_USAGE = YES_ERROR;
				CLANG_WARN_DOCUMENTATION_COMMENTS = YES;
				CLANG_WARN_EMPTY_BODY = YES;
				CLANG_WARN_ENUM_CONVERSION = YES;
				CLANG_WARN_INFINITE_RECURSION = YES;
				CLANG_WARN_INT_CONVERSION = YES;
				CLANG_WARN_NON_LITERAL_NULL_CONVERSION = YES;
				CLANG_WARN_OBJC_IMPLICIT_RETAIN_SELF = YES;
				CLANG_WARN_OBJC_LITERAL_CONVERSION = YES;
				CLANG_WARN_OBJC_ROOT_CLASS = YES_ERROR;
				CLANG_WARN_QUOTED_INCLUDE_IN_FRAMEWORK_HEADER = YES;
				CLANG_WARN_RANGE_LOOP_ANALYSIS = YES;
				CLANG_WARN_STRICT_PROTOTYPES = YES;
				CLANG_WARN_SUSPICIOUS_MOVE = YES;
				CLANG_WARN_UNGUARDED_AVAILABILITY = YES_AGGRESSIVE;
				CLANG_WARN_UNREACHABLE_CODE = YES;
				CLANG_WARN__DUPLICATE_METHOD_MATCH = YES;
				COPY_PHASE_STRIP = NO;
				DEBUG_INFORMATION_FORMAT = "dwarf-with-dsym";
				ENABLE_NS_ASSERTIONS = NO;
				ENABLE_STRICT_OBJC_MSGSEND = YES;
				GCC_C_LANGUAGE_STANDARD = gnu11;
				GCC_NO_COMMON_BLOCKS = YES;
				GCC_WARN_64_TO_32_BIT_CONVERSION = YES;
				GCC_WARN_ABOUT_RETURN_TYPE = YES_ERROR;
				GCC_WARN_UNDECLARED_SELECTOR = YES;
				GCC_WARN_UNINITIALIZED_AUTOS = YES_AGGRESSIVE;
				GCC_WARN_UNUSED_FUNCTION = YES;
				GCC_WARN_UNUSED_VARIABLE = YES;
				IPHONEOS_DEPLOYMENT_TARGET = 15.5;
				MTL_ENABLE_DEBUG_INFO = NO;
				MTL_FAST_MATH = YES;
				SDKROOT = iphoneos;
				SWIFT_COMPILATION_MODE = wholemodule;
				SWIFT_OPTIMIZATION_LEVEL = "-O";
				VALIDATE_PRODUCT = YES;
			};
			name = Release;
		};
		AC599B3728AF615800EE605E /* Debug */ = {
			isa = XCBuildConfiguration;
			buildSettings = {
				ASSETCATALOG_COMPILER_APPICON_NAME = AppIcon;
				ASSETCATALOG_COMPILER_GLOBAL_ACCENT_COLOR_NAME = AccentColor;
				CODE_SIGN_STYLE = Automatic;
				CURRENT_PROJECT_VERSION = 1;
				DEVELOPMENT_TEAM = VTP9H54JX3;
				GENERATE_INFOPLIST_FILE = YES;
				INFOPLIST_FILE = MotionCude/Info.plist;
				INFOPLIST_KEY_UIApplicationSupportsIndirectInputEvents = YES;
				INFOPLIST_KEY_UILaunchStoryboardName = LaunchScreen;
				INFOPLIST_KEY_UISupportedInterfaceOrientations_iPad = "UIInterfaceOrientationPortrait UIInterfaceOrientationPortraitUpsideDown UIInterfaceOrientationLandscapeLeft UIInterfaceOrientationLandscapeRight";
				INFOPLIST_KEY_UISupportedInterfaceOrientations_iPhone = "UIInterfaceOrientationPortrait UIInterfaceOrientationLandscapeLeft UIInterfaceOrientationLandscapeRight";
				LD_RUNPATH_SEARCH_PATHS = (
					"$(inherited)",
					"@executable_path/Frameworks",
				);
				MARKETING_VERSION = 1.0;
				PRODUCT_BUNDLE_IDENTIFIER = me.avsrb.MotionCude;
				PRODUCT_NAME = "$(TARGET_NAME)";
				SWIFT_EMIT_LOC_STRINGS = YES;
				SWIFT_VERSION = 5.0;
				TARGETED_DEVICE_FAMILY = "1,2";
			};
			name = Debug;
		};
		AC599B3828AF615800EE605E /* Release */ = {
			isa = XCBuildConfiguration;
			buildSettings = {
				ASSETCATALOG_COMPILER_APPICON_NAME = AppIcon;
				ASSETCATALOG_COMPILER_GLOBAL_ACCENT_COLOR_NAME = AccentColor;
				CODE_SIGN_STYLE = Automatic;
				CURRENT_PROJECT_VERSION = 1;
				DEVELOPMENT_TEAM = VTP9H54JX3;
				GENERATE_INFOPLIST_FILE = YES;
				INFOPLIST_FILE = MotionCude/Info.plist;
				INFOPLIST_KEY_UIApplicationSupportsIndirectInputEvents = YES;
				INFOPLIST_KEY_UILaunchStoryboardName = LaunchScreen;
				INFOPLIST_KEY_UISupportedInterfaceOrientations_iPad = "UIInterfaceOrientationPortrait UIInterfaceOrientationPortraitUpsideDown UIInterfaceOrientationLandscapeLeft UIInterfaceOrientationLandscapeRight";
				INFOPLIST_KEY_UISupportedInterfaceOrientations_iPhone = "UIInterfaceOrientationPortrait UIInterfaceOrientationLandscapeLeft UIInterfaceOrientationLandscapeRight";
				LD_RUNPATH_SEARCH_PATHS = (
					"$(inherited)",
					"@executable_path/Frameworks",
				);
				MARKETING_VERSION = 1.0;
				PRODUCT_BUNDLE_IDENTIFIER = me.avsrb.MotionCude;
				PRODUCT_NAME = "$(TARGET_NAME)";
				SWIFT_EMIT_LOC_STRINGS = YES;
				SWIFT_VERSION = 5.0;
				TARGETED_DEVICE_FAMILY = "1,2";
			};
			name = Release;
		};
/* End XCBuildConfiguration section */

/* Begin XCConfigurationList section */
		AC599B1D28AF614B00EE605E /* Build configuration list for PBXProject "MotionCude" */ = {
			isa = XCConfigurationList;
			buildConfigurations = (
				AC599B3428AF615800EE605E /* Debug */,
				AC599B3528AF615800EE605E /* Release */,
			);
			defaultConfigurationIsVisible = 0;
			defaultConfigurationName = Release;
		};
		AC599B3628AF615800EE605E /* Build configuration list for PBXNativeTarget "MotionCude" */ = {
			isa = XCConfigurationList;
			buildConfigurations = (
				AC599B3728AF615800EE605E /* Debug */,
				AC599B3828AF615800EE605E /* Release */,
			);
			defaultConfigurationIsVisible = 0;
			defaultConfigurationName = Release;
		};
/* End XCConfigurationList section */
	};
	rootObject = AC599B1A28AF614B00EE605E /* Project object */;
}
